// !$*UTF8*$!
{
	archiveVersion = 1;
	classes = {
	};
	objectVersion = 50;
	objects = {

/* Begin PBXBuildFile section */
		4B3EDB3D2523B5A4007BB734 /* LICENSE in Resources */ = {isa = PBXBuildFile; fileRef = 4B3EDAE02523B5A4007BB734 /* LICENSE */; };
		4B3EDB3E2523B5A4007BB734 /* highlight.min.js in Resources */ = {isa = PBXBuildFile; fileRef = 4B3EDAE12523B5A4007BB734 /* highlight.min.js */; };
		4B3EDB3F2523B5A4007BB734 /* vs.min.css in Resources */ = {isa = PBXBuildFile; fileRef = 4B3EDAE32523B5A4007BB734 /* vs.min.css */; };
		4B3EDB402523B5A4007BB734 /* atelier-seaside-dark.min.css in Resources */ = {isa = PBXBuildFile; fileRef = 4B3EDAE42523B5A4007BB734 /* atelier-seaside-dark.min.css */; };
		4B3EDB412523B5A4007BB734 /* isbl-editor-dark.min.css in Resources */ = {isa = PBXBuildFile; fileRef = 4B3EDAE52523B5A4007BB734 /* isbl-editor-dark.min.css */; };
		4B3EDB422523B5A4007BB734 /* xcode-dark.min.css in Resources */ = {isa = PBXBuildFile; fileRef = 4B3EDAE62523B5A4007BB734 /* xcode-dark.min.css */; };
		4B3EDB432523B5A4007BB734 /* brown-paper.min.css in Resources */ = {isa = PBXBuildFile; fileRef = 4B3EDAE72523B5A4007BB734 /* brown-paper.min.css */; };
		4B3EDB442523B5A4007BB734 /* atelier-plateau-light.min.css in Resources */ = {isa = PBXBuildFile; fileRef = 4B3EDAE82523B5A4007BB734 /* atelier-plateau-light.min.css */; };
		4B3EDB452523B5A4007BB734 /* school-book.min.css in Resources */ = {isa = PBXBuildFile; fileRef = 4B3EDAE92523B5A4007BB734 /* school-book.min.css */; };
		4B3EDB472523B5A4007BB734 /* atelier-sulphurpool-dark.min.css in Resources */ = {isa = PBXBuildFile; fileRef = 4B3EDAEB2523B5A4007BB734 /* atelier-sulphurpool-dark.min.css */; };
		4B3EDB482523B5A4007BB734 /* tomorrow-night-blue.min.css in Resources */ = {isa = PBXBuildFile; fileRef = 4B3EDAEC2523B5A4007BB734 /* tomorrow-night-blue.min.css */; };
		4B3EDB492523B5A4007BB734 /* vs2015.min.css in Resources */ = {isa = PBXBuildFile; fileRef = 4B3EDAED2523B5A4007BB734 /* vs2015.min.css */; };
		4B3EDB4A2523B5A4007BB734 /* atelier-heath-dark.min.css in Resources */ = {isa = PBXBuildFile; fileRef = 4B3EDAEE2523B5A4007BB734 /* atelier-heath-dark.min.css */; };
		4B3EDB4B2523B5A4007BB734 /* paraiso-light.min.css in Resources */ = {isa = PBXBuildFile; fileRef = 4B3EDAEF2523B5A4007BB734 /* paraiso-light.min.css */; };
		4B3EDB4C2523B5A4007BB734 /* rainbow.min.css in Resources */ = {isa = PBXBuildFile; fileRef = 4B3EDAF02523B5A4007BB734 /* rainbow.min.css */; };
		4B3EDB4D2523B5A4007BB734 /* qtcreator_light.min.css in Resources */ = {isa = PBXBuildFile; fileRef = 4B3EDAF12523B5A4007BB734 /* qtcreator_light.min.css */; };
		4B3EDB4E2523B5A4007BB734 /* a11y-light.min.css in Resources */ = {isa = PBXBuildFile; fileRef = 4B3EDAF22523B5A4007BB734 /* a11y-light.min.css */; };
		4B3EDB4F2523B5A4007BB734 /* kimbie.dark.min.css in Resources */ = {isa = PBXBuildFile; fileRef = 4B3EDAF32523B5A4007BB734 /* kimbie.dark.min.css */; };
		4B3EDB502523B5A4007BB734 /* atelier-heath-light.min.css in Resources */ = {isa = PBXBuildFile; fileRef = 4B3EDAF42523B5A4007BB734 /* atelier-heath-light.min.css */; };
		4B3EDB512523B5A4007BB734 /* far.min.css in Resources */ = {isa = PBXBuildFile; fileRef = 4B3EDAF52523B5A4007BB734 /* far.min.css */; };
		4B3EDB522523B5A4007BB734 /* atelier-dune-dark.min.css in Resources */ = {isa = PBXBuildFile; fileRef = 4B3EDAF62523B5A4007BB734 /* atelier-dune-dark.min.css */; };
		4B3EDB532523B5A4007BB734 /* shades-of-purple.min.css in Resources */ = {isa = PBXBuildFile; fileRef = 4B3EDAF72523B5A4007BB734 /* shades-of-purple.min.css */; };
		4B3EDB542523B5A4007BB734 /* kimbie.light.min.css in Resources */ = {isa = PBXBuildFile; fileRef = 4B3EDAF82523B5A4007BB734 /* kimbie.light.min.css */; };
		4B3EDB552523B5A4007BB734 /* railscasts.min.css in Resources */ = {isa = PBXBuildFile; fileRef = 4B3EDAF92523B5A4007BB734 /* railscasts.min.css */; };
		4B3EDB562523B5A4007BB734 /* solarized-dark.min.css in Resources */ = {isa = PBXBuildFile; fileRef = 4B3EDAFA2523B5A4007BB734 /* solarized-dark.min.css */; };
		4B3EDB572523B5A4007BB734 /* atelier-estuary-light.min.css in Resources */ = {isa = PBXBuildFile; fileRef = 4B3EDAFB2523B5A4007BB734 /* atelier-estuary-light.min.css */; };
		4B3EDB582523B5A4007BB734 /* xt256.min.css in Resources */ = {isa = PBXBuildFile; fileRef = 4B3EDAFC2523B5A4007BB734 /* xt256.min.css */; };
		4B3EDB592523B5A4007BB734 /* mono-blue.min.css in Resources */ = {isa = PBXBuildFile; fileRef = 4B3EDAFD2523B5A4007BB734 /* mono-blue.min.css */; };
		4B3EDB5A2523B5A4007BB734 /* ocean.min.css in Resources */ = {isa = PBXBuildFile; fileRef = 4B3EDAFE2523B5A4007BB734 /* ocean.min.css */; };
		4B3EDB5B2523B5A4007BB734 /* github-gist.min.css in Resources */ = {isa = PBXBuildFile; fileRef = 4B3EDAFF2523B5A4007BB734 /* github-gist.min.css */; };
		4B3EDB5C2523B5A4007BB734 /* atelier-seaside-light.min.css in Resources */ = {isa = PBXBuildFile; fileRef = 4B3EDB002523B5A4007BB734 /* atelier-seaside-light.min.css */; };
		4B3EDB5D2523B5A4007BB734 /* tomorrow-night-eighties.min.css in Resources */ = {isa = PBXBuildFile; fileRef = 4B3EDB012523B5A4007BB734 /* tomorrow-night-eighties.min.css */; };
		4B3EDB5E2523B5A4007BB734 /* atom-one-dark.min.css in Resources */ = {isa = PBXBuildFile; fileRef = 4B3EDB022523B5A4007BB734 /* atom-one-dark.min.css */; };
		4B3EDB5F2523B5A4007BB734 /* qtcreator_dark.min.css in Resources */ = {isa = PBXBuildFile; fileRef = 4B3EDB032523B5A4007BB734 /* qtcreator_dark.min.css */; };
		4B3EDB602523B5A4007BB734 /* atelier-savanna-dark.min.css in Resources */ = {isa = PBXBuildFile; fileRef = 4B3EDB042523B5A4007BB734 /* atelier-savanna-dark.min.css */; };
		4B3EDB612523B5A4007BB734 /* color-brewer.min.css in Resources */ = {isa = PBXBuildFile; fileRef = 4B3EDB052523B5A4007BB734 /* color-brewer.min.css */; };
		4B3EDB622523B5A4007BB734 /* pojoaque.min.css in Resources */ = {isa = PBXBuildFile; fileRef = 4B3EDB062523B5A4007BB734 /* pojoaque.min.css */; };
		4B3EDB632523B5A4007BB734 /* routeros.min.css in Resources */ = {isa = PBXBuildFile; fileRef = 4B3EDB072523B5A4007BB734 /* routeros.min.css */; };
		4B3EDB642523B5A4007BB734 /* atelier-forest-dark.min.css in Resources */ = {isa = PBXBuildFile; fileRef = 4B3EDB082523B5A4007BB734 /* atelier-forest-dark.min.css */; };
		4B3EDB652523B5A4007BB734 /* gml.min.css in Resources */ = {isa = PBXBuildFile; fileRef = 4B3EDB092523B5A4007BB734 /* gml.min.css */; };
		4B3EDB662523B5A4007BB734 /* tomorrow-night.min.css in Resources */ = {isa = PBXBuildFile; fileRef = 4B3EDB0A2523B5A4007BB734 /* tomorrow-night.min.css */; };
		4B3EDB672523B5A4007BB734 /* obsidian.min.css in Resources */ = {isa = PBXBuildFile; fileRef = 4B3EDB0B2523B5A4007BB734 /* obsidian.min.css */; };
		4B3EDB682523B5A4007BB734 /* lightfair.min.css in Resources */ = {isa = PBXBuildFile; fileRef = 4B3EDB0C2523B5A4007BB734 /* lightfair.min.css */; };
		4B3EDB692523B5A4007BB734 /* atelier-lakeside-dark.min.css in Resources */ = {isa = PBXBuildFile; fileRef = 4B3EDB0D2523B5A4007BB734 /* atelier-lakeside-dark.min.css */; };
		4B3EDB6A2523B5A4007BB734 /* gruvbox-light.min.css in Resources */ = {isa = PBXBuildFile; fileRef = 4B3EDB0E2523B5A4007BB734 /* gruvbox-light.min.css */; };
		4B3EDB6B2523B5A4007BB734 /* idea.min.css in Resources */ = {isa = PBXBuildFile; fileRef = 4B3EDB0F2523B5A4007BB734 /* idea.min.css */; };
		4B3EDB6C2523B5A4007BB734 /* tomorrow.min.css in Resources */ = {isa = PBXBuildFile; fileRef = 4B3EDB102523B5A4007BB734 /* tomorrow.min.css */; };
		4B3EDB6D2523B5A4007BB734 /* atelier-forest-light.min.css in Resources */ = {isa = PBXBuildFile; fileRef = 4B3EDB112523B5A4007BB734 /* atelier-forest-light.min.css */; };
		4B3EDB6E2523B5A4007BB734 /* arduino-light.min.css in Resources */ = {isa = PBXBuildFile; fileRef = 4B3EDB122523B5A4007BB734 /* arduino-light.min.css */; };
		4B3EDB6F2523B5A4007BB734 /* gruvbox-dark.min.css in Resources */ = {isa = PBXBuildFile; fileRef = 4B3EDB132523B5A4007BB734 /* gruvbox-dark.min.css */; };
		4B3EDB702523B5A4007BB734 /* dracula.min.css in Resources */ = {isa = PBXBuildFile; fileRef = 4B3EDB142523B5A4007BB734 /* dracula.min.css */; };
		4B3EDB712523B5A4007BB734 /* magula.min.css in Resources */ = {isa = PBXBuildFile; fileRef = 4B3EDB152523B5A4007BB734 /* magula.min.css */; };
		4B3EDB722523B5A4007BB734 /* arta.min.css in Resources */ = {isa = PBXBuildFile; fileRef = 4B3EDB162523B5A4007BB734 /* arta.min.css */; };
		4B3EDB732523B5A4007BB734 /* purebasic.min.css in Resources */ = {isa = PBXBuildFile; fileRef = 4B3EDB172523B5A4007BB734 /* purebasic.min.css */; };
		4B3EDB742523B5A4007BB734 /* hopscotch.min.css in Resources */ = {isa = PBXBuildFile; fileRef = 4B3EDB182523B5A4007BB734 /* hopscotch.min.css */; };
		4B3EDB752523B5A4007BB734 /* github.min.css in Resources */ = {isa = PBXBuildFile; fileRef = 4B3EDB192523B5A4007BB734 /* github.min.css */; };
		4B3EDB762523B5A4007BB734 /* nord.min.css in Resources */ = {isa = PBXBuildFile; fileRef = 4B3EDB1A2523B5A4007BB734 /* nord.min.css */; };
		4B3EDB772523B5A4007BB734 /* dark.min.css in Resources */ = {isa = PBXBuildFile; fileRef = 4B3EDB1B2523B5A4007BB734 /* dark.min.css */; };
		4B3EDB782523B5A4007BB734 /* atom-one-light.min.css in Resources */ = {isa = PBXBuildFile; fileRef = 4B3EDB1C2523B5A4007BB734 /* atom-one-light.min.css */; };
		4B3EDB792523B5A4007BB734 /* monokai.min.css in Resources */ = {isa = PBXBuildFile; fileRef = 4B3EDB1D2523B5A4007BB734 /* monokai.min.css */; };
		4B3EDB7A2523B5A4007BB734 /* docco.min.css in Resources */ = {isa = PBXBuildFile; fileRef = 4B3EDB1E2523B5A4007BB734 /* docco.min.css */; };
		4B3EDB7B2523B5A4007BB734 /* default.min.css in Resources */ = {isa = PBXBuildFile; fileRef = 4B3EDB1F2523B5A4007BB734 /* default.min.css */; };
		4B3EDB7C2523B5A4007BB734 /* ascetic.min.css in Resources */ = {isa = PBXBuildFile; fileRef = 4B3EDB202523B5A4007BB734 /* ascetic.min.css */; };
		4B3EDB7D2523B5A4007BB734 /* isbl-editor-light.min.css in Resources */ = {isa = PBXBuildFile; fileRef = 4B3EDB212523B5A4007BB734 /* isbl-editor-light.min.css */; };
		4B3EDB7E2523B5A4007BB734 /* atelier-cave-light.min.css in Resources */ = {isa = PBXBuildFile; fileRef = 4B3EDB222523B5A4007BB734 /* atelier-cave-light.min.css */; };
		4B3EDB7F2523B5A4007BB734 /* a11y-dark.min.css in Resources */ = {isa = PBXBuildFile; fileRef = 4B3EDB232523B5A4007BB734 /* a11y-dark.min.css */; };
		4B3EDB802523B5A4007BB734 /* atelier-sulphurpool-light.min.css in Resources */ = {isa = PBXBuildFile; fileRef = 4B3EDB242523B5A4007BB734 /* atelier-sulphurpool-light.min.css */; };
		4B3EDB812523B5A4007BB734 /* atelier-plateau-dark.min.css in Resources */ = {isa = PBXBuildFile; fileRef = 4B3EDB252523B5A4007BB734 /* atelier-plateau-dark.min.css */; };
		4B3EDB822523B5A4007BB734 /* darkula.min.css in Resources */ = {isa = PBXBuildFile; fileRef = 4B3EDB262523B5A4007BB734 /* darkula.min.css */; };
		4B3EDB832523B5A4007BB734 /* atelier-cave-dark.min.css in Resources */ = {isa = PBXBuildFile; fileRef = 4B3EDB272523B5A4007BB734 /* atelier-cave-dark.min.css */; };
		4B3EDB842523B5A4007BB734 /* ir-black.min.css in Resources */ = {isa = PBXBuildFile; fileRef = 4B3EDB282523B5A4007BB734 /* ir-black.min.css */; };
		4B3EDB852523B5A4007BB734 /* solarized-light.min.css in Resources */ = {isa = PBXBuildFile; fileRef = 4B3EDB292523B5A4007BB734 /* solarized-light.min.css */; };
		4B3EDB862523B5A4007BB734 /* tomorrow-night-bright.min.css in Resources */ = {isa = PBXBuildFile; fileRef = 4B3EDB2A2523B5A4007BB734 /* tomorrow-night-bright.min.css */; };
		4B3EDB872523B5A4007BB734 /* atelier-savanna-light.min.css in Resources */ = {isa = PBXBuildFile; fileRef = 4B3EDB2B2523B5A4007BB734 /* atelier-savanna-light.min.css */; };
		4B3EDB882523B5A4007BB734 /* foundation.min.css in Resources */ = {isa = PBXBuildFile; fileRef = 4B3EDB2C2523B5A4007BB734 /* foundation.min.css */; };
		4B3EDB892523B5A4007BB734 /* codepen-embed.min.css in Resources */ = {isa = PBXBuildFile; fileRef = 4B3EDB2D2523B5A4007BB734 /* codepen-embed.min.css */; };
		4B3EDB8A2523B5A4007BB734 /* atelier-estuary-dark.min.css in Resources */ = {isa = PBXBuildFile; fileRef = 4B3EDB2E2523B5A4007BB734 /* atelier-estuary-dark.min.css */; };
		4B3EDB8B2523B5A4007BB734 /* googlecode.min.css in Resources */ = {isa = PBXBuildFile; fileRef = 4B3EDB2F2523B5A4007BB734 /* googlecode.min.css */; };
		4B3EDB8C2523B5A4007BB734 /* atom-one-dark-reasonable.min.css in Resources */ = {isa = PBXBuildFile; fileRef = 4B3EDB302523B5A4007BB734 /* atom-one-dark-reasonable.min.css */; };
		4B3EDB8D2523B5A4007BB734 /* atelier-dune-light.min.css in Resources */ = {isa = PBXBuildFile; fileRef = 4B3EDB312523B5A4007BB734 /* atelier-dune-light.min.css */; };
		4B3EDB8E2523B5A4007BB734 /* paraiso-dark.min.css in Resources */ = {isa = PBXBuildFile; fileRef = 4B3EDB322523B5A4007BB734 /* paraiso-dark.min.css */; };
		4B3EDB8F2523B5A4007BB734 /* zenburn.min.css in Resources */ = {isa = PBXBuildFile; fileRef = 4B3EDB332523B5A4007BB734 /* zenburn.min.css */; };
		4B3EDB902523B5A4007BB734 /* androidstudio.min.css in Resources */ = {isa = PBXBuildFile; fileRef = 4B3EDB342523B5A4007BB734 /* androidstudio.min.css */; };
		4B3EDB912523B5A4007BB734 /* grayscale.min.css in Resources */ = {isa = PBXBuildFile; fileRef = 4B3EDB352523B5A4007BB734 /* grayscale.min.css */; };
		4B3EDB922523B5A4007BB734 /* sunburst.min.css in Resources */ = {isa = PBXBuildFile; fileRef = 4B3EDB362523B5A4007BB734 /* sunburst.min.css */; };
		4B3EDB932523B5A4007BB734 /* agate.min.css in Resources */ = {isa = PBXBuildFile; fileRef = 4B3EDB372523B5A4007BB734 /* agate.min.css */; };
		4B3EDB942523B5A4007BB734 /* hybrid.min.css in Resources */ = {isa = PBXBuildFile; fileRef = 4B3EDB382523B5A4007BB734 /* hybrid.min.css */; };
		4B3EDB952523B5A4007BB734 /* darcula.min.css in Resources */ = {isa = PBXBuildFile; fileRef = 4B3EDB392523B5A4007BB734 /* darcula.min.css */; };
		4B3EDB962523B5A4007BB734 /* atelier-lakeside-light.min.css in Resources */ = {isa = PBXBuildFile; fileRef = 4B3EDB3A2523B5A4007BB734 /* atelier-lakeside-light.min.css */; };
		4B3EDB972523B5A4007BB734 /* monokai-sublime.min.css in Resources */ = {isa = PBXBuildFile; fileRef = 4B3EDB3B2523B5A4007BB734 /* monokai-sublime.min.css */; };
		4B3EDB982523B5A4007BB734 /* an-old-hope.min.css in Resources */ = {isa = PBXBuildFile; fileRef = 4B3EDB3C2523B5A4007BB734 /* an-old-hope.min.css */; };
		4B6D33492528156E0030223F /* FireflyTextViewDelegate.swift in Sources */ = {isa = PBXBuildFile; fileRef = 4B6D33442528156E0030223F /* FireflyTextViewDelegate.swift */; };
		4B6D334A2528156E0030223F /* FireflySyntaxView + TextDelegate.swift in Sources */ = {isa = PBXBuildFile; fileRef = 4B6D33452528156E0030223F /* FireflySyntaxView + TextDelegate.swift */; };
		4B6D334B2528156E0030223F /* LineNumberLayoutManager.swift in Sources */ = {isa = PBXBuildFile; fileRef = 4B6D33462528156E0030223F /* LineNumberLayoutManager.swift */; };
		4B6D334C2528156E0030223F /* FireflyTextView.swift in Sources */ = {isa = PBXBuildFile; fileRef = 4B6D33472528156E0030223F /* FireflyTextView.swift */; };
		4B6D334D2528156E0030223F /* FireflySyntaxView.swift in Sources */ = {isa = PBXBuildFile; fileRef = 4B6D33482528156E0030223F /* FireflySyntaxView.swift */; };
		4B9A5C322523B8D8002BEE90 /* xcode-light.min.css in Resources */ = {isa = PBXBuildFile; fileRef = 4B9A5C312523B8D8002BEE90 /* xcode-light.min.css */; };
		4BDCE8D3251A5377003393A4 /* Firefly.h in Headers */ = {isa = PBXBuildFile; fileRef = 4BDCE8D1251A5377003393A4 /* Firefly.h */; settings = {ATTRIBUTES = (Public, ); }; };
		4BDCE950251A5382003393A4 /* LICENSE.txt in Resources */ = {isa = PBXBuildFile; fileRef = 4BDCE8DD251A5382003393A4 /* LICENSE.txt */; };
		4BE7E9AD2523B1A600091F80 /* HTMLUtils.swift in Sources */ = {isa = PBXBuildFile; fileRef = 4BE7E9A92523B1A600091F80 /* HTMLUtils.swift */; };
		4BE7E9AE2523B1A600091F80 /* TypeAlias.swift in Sources */ = {isa = PBXBuildFile; fileRef = 4BE7E9AA2523B1A600091F80 /* TypeAlias.swift */; };
		4BE7E9AF2523B1A600091F80 /* Theme.swift in Sources */ = {isa = PBXBuildFile; fileRef = 4BE7E9AB2523B1A600091F80 /* Theme.swift */; };
		4BE7E9C02523B1B800091F80 /* CodeAttributedString.swift in Sources */ = {isa = PBXBuildFile; fileRef = 4BE7E9BE2523B1B800091F80 /* CodeAttributedString.swift */; };
		4BE7E9C12523B1B800091F80 /* Highlightr.swift in Sources */ = {isa = PBXBuildFile; fileRef = 4BE7E9BF2523B1B800091F80 /* Highlightr.swift */; };
/* End PBXBuildFile section */

/* Begin PBXFileReference section */
		4B3EDAE02523B5A4007BB734 /* LICENSE */ = {isa = PBXFileReference; fileEncoding = 4; lastKnownFileType = text; path = LICENSE; sourceTree = "<group>"; };
		4B3EDAE12523B5A4007BB734 /* highlight.min.js */ = {isa = PBXFileReference; fileEncoding = 4; lastKnownFileType = sourcecode.javascript; path = highlight.min.js; sourceTree = "<group>"; };
		4B3EDAE32523B5A4007BB734 /* vs.min.css */ = {isa = PBXFileReference; fileEncoding = 4; lastKnownFileType = text.css; path = vs.min.css; sourceTree = "<group>"; };
		4B3EDAE42523B5A4007BB734 /* atelier-seaside-dark.min.css */ = {isa = PBXFileReference; fileEncoding = 4; lastKnownFileType = text.css; path = "atelier-seaside-dark.min.css"; sourceTree = "<group>"; };
		4B3EDAE52523B5A4007BB734 /* isbl-editor-dark.min.css */ = {isa = PBXFileReference; fileEncoding = 4; lastKnownFileType = text.css; path = "isbl-editor-dark.min.css"; sourceTree = "<group>"; };
		4B3EDAE62523B5A4007BB734 /* xcode-dark.min.css */ = {isa = PBXFileReference; fileEncoding = 4; lastKnownFileType = text.css; path = "xcode-dark.min.css"; sourceTree = "<group>"; };
		4B3EDAE72523B5A4007BB734 /* brown-paper.min.css */ = {isa = PBXFileReference; fileEncoding = 4; lastKnownFileType = text.css; path = "brown-paper.min.css"; sourceTree = "<group>"; };
		4B3EDAE82523B5A4007BB734 /* atelier-plateau-light.min.css */ = {isa = PBXFileReference; fileEncoding = 4; lastKnownFileType = text.css; path = "atelier-plateau-light.min.css"; sourceTree = "<group>"; };
		4B3EDAE92523B5A4007BB734 /* school-book.min.css */ = {isa = PBXFileReference; fileEncoding = 4; lastKnownFileType = text.css; path = "school-book.min.css"; sourceTree = "<group>"; };
		4B3EDAEB2523B5A4007BB734 /* atelier-sulphurpool-dark.min.css */ = {isa = PBXFileReference; fileEncoding = 4; lastKnownFileType = text.css; path = "atelier-sulphurpool-dark.min.css"; sourceTree = "<group>"; };
		4B3EDAEC2523B5A4007BB734 /* tomorrow-night-blue.min.css */ = {isa = PBXFileReference; fileEncoding = 4; lastKnownFileType = text.css; path = "tomorrow-night-blue.min.css"; sourceTree = "<group>"; };
		4B3EDAED2523B5A4007BB734 /* vs2015.min.css */ = {isa = PBXFileReference; fileEncoding = 4; lastKnownFileType = text.css; path = vs2015.min.css; sourceTree = "<group>"; };
		4B3EDAEE2523B5A4007BB734 /* atelier-heath-dark.min.css */ = {isa = PBXFileReference; fileEncoding = 4; lastKnownFileType = text.css; path = "atelier-heath-dark.min.css"; sourceTree = "<group>"; };
		4B3EDAEF2523B5A4007BB734 /* paraiso-light.min.css */ = {isa = PBXFileReference; fileEncoding = 4; lastKnownFileType = text.css; path = "paraiso-light.min.css"; sourceTree = "<group>"; };
		4B3EDAF02523B5A4007BB734 /* rainbow.min.css */ = {isa = PBXFileReference; fileEncoding = 4; lastKnownFileType = text.css; path = rainbow.min.css; sourceTree = "<group>"; };
		4B3EDAF12523B5A4007BB734 /* qtcreator_light.min.css */ = {isa = PBXFileReference; fileEncoding = 4; lastKnownFileType = text.css; path = qtcreator_light.min.css; sourceTree = "<group>"; };
		4B3EDAF22523B5A4007BB734 /* a11y-light.min.css */ = {isa = PBXFileReference; fileEncoding = 4; lastKnownFileType = text.css; path = "a11y-light.min.css"; sourceTree = "<group>"; };
		4B3EDAF32523B5A4007BB734 /* kimbie.dark.min.css */ = {isa = PBXFileReference; fileEncoding = 4; lastKnownFileType = text.css; path = kimbie.dark.min.css; sourceTree = "<group>"; };
		4B3EDAF42523B5A4007BB734 /* atelier-heath-light.min.css */ = {isa = PBXFileReference; fileEncoding = 4; lastKnownFileType = text.css; path = "atelier-heath-light.min.css"; sourceTree = "<group>"; };
		4B3EDAF52523B5A4007BB734 /* far.min.css */ = {isa = PBXFileReference; fileEncoding = 4; lastKnownFileType = text.css; path = far.min.css; sourceTree = "<group>"; };
		4B3EDAF62523B5A4007BB734 /* atelier-dune-dark.min.css */ = {isa = PBXFileReference; fileEncoding = 4; lastKnownFileType = text.css; path = "atelier-dune-dark.min.css"; sourceTree = "<group>"; };
		4B3EDAF72523B5A4007BB734 /* shades-of-purple.min.css */ = {isa = PBXFileReference; fileEncoding = 4; lastKnownFileType = text.css; path = "shades-of-purple.min.css"; sourceTree = "<group>"; };
		4B3EDAF82523B5A4007BB734 /* kimbie.light.min.css */ = {isa = PBXFileReference; fileEncoding = 4; lastKnownFileType = text.css; path = kimbie.light.min.css; sourceTree = "<group>"; };
		4B3EDAF92523B5A4007BB734 /* railscasts.min.css */ = {isa = PBXFileReference; fileEncoding = 4; lastKnownFileType = text.css; path = railscasts.min.css; sourceTree = "<group>"; };
		4B3EDAFA2523B5A4007BB734 /* solarized-dark.min.css */ = {isa = PBXFileReference; fileEncoding = 4; lastKnownFileType = text.css; path = "solarized-dark.min.css"; sourceTree = "<group>"; };
		4B3EDAFB2523B5A4007BB734 /* atelier-estuary-light.min.css */ = {isa = PBXFileReference; fileEncoding = 4; lastKnownFileType = text.css; path = "atelier-estuary-light.min.css"; sourceTree = "<group>"; };
		4B3EDAFC2523B5A4007BB734 /* xt256.min.css */ = {isa = PBXFileReference; fileEncoding = 4; lastKnownFileType = text.css; path = xt256.min.css; sourceTree = "<group>"; };
		4B3EDAFD2523B5A4007BB734 /* mono-blue.min.css */ = {isa = PBXFileReference; fileEncoding = 4; lastKnownFileType = text.css; path = "mono-blue.min.css"; sourceTree = "<group>"; };
		4B3EDAFE2523B5A4007BB734 /* ocean.min.css */ = {isa = PBXFileReference; fileEncoding = 4; lastKnownFileType = text.css; path = ocean.min.css; sourceTree = "<group>"; };
		4B3EDAFF2523B5A4007BB734 /* github-gist.min.css */ = {isa = PBXFileReference; fileEncoding = 4; lastKnownFileType = text.css; path = "github-gist.min.css"; sourceTree = "<group>"; };
		4B3EDB002523B5A4007BB734 /* atelier-seaside-light.min.css */ = {isa = PBXFileReference; fileEncoding = 4; lastKnownFileType = text.css; path = "atelier-seaside-light.min.css"; sourceTree = "<group>"; };
		4B3EDB012523B5A4007BB734 /* tomorrow-night-eighties.min.css */ = {isa = PBXFileReference; fileEncoding = 4; lastKnownFileType = text.css; path = "tomorrow-night-eighties.min.css"; sourceTree = "<group>"; };
		4B3EDB022523B5A4007BB734 /* atom-one-dark.min.css */ = {isa = PBXFileReference; fileEncoding = 4; lastKnownFileType = text.css; path = "atom-one-dark.min.css"; sourceTree = "<group>"; };
		4B3EDB032523B5A4007BB734 /* qtcreator_dark.min.css */ = {isa = PBXFileReference; fileEncoding = 4; lastKnownFileType = text.css; path = qtcreator_dark.min.css; sourceTree = "<group>"; };
		4B3EDB042523B5A4007BB734 /* atelier-savanna-dark.min.css */ = {isa = PBXFileReference; fileEncoding = 4; lastKnownFileType = text.css; path = "atelier-savanna-dark.min.css"; sourceTree = "<group>"; };
		4B3EDB052523B5A4007BB734 /* color-brewer.min.css */ = {isa = PBXFileReference; fileEncoding = 4; lastKnownFileType = text.css; path = "color-brewer.min.css"; sourceTree = "<group>"; };
		4B3EDB062523B5A4007BB734 /* pojoaque.min.css */ = {isa = PBXFileReference; fileEncoding = 4; lastKnownFileType = text.css; path = pojoaque.min.css; sourceTree = "<group>"; };
		4B3EDB072523B5A4007BB734 /* routeros.min.css */ = {isa = PBXFileReference; fileEncoding = 4; lastKnownFileType = text.css; path = routeros.min.css; sourceTree = "<group>"; };
		4B3EDB082523B5A4007BB734 /* atelier-forest-dark.min.css */ = {isa = PBXFileReference; fileEncoding = 4; lastKnownFileType = text.css; path = "atelier-forest-dark.min.css"; sourceTree = "<group>"; };
		4B3EDB092523B5A4007BB734 /* gml.min.css */ = {isa = PBXFileReference; fileEncoding = 4; lastKnownFileType = text.css; path = gml.min.css; sourceTree = "<group>"; };
		4B3EDB0A2523B5A4007BB734 /* tomorrow-night.min.css */ = {isa = PBXFileReference; fileEncoding = 4; lastKnownFileType = text.css; path = "tomorrow-night.min.css"; sourceTree = "<group>"; };
		4B3EDB0B2523B5A4007BB734 /* obsidian.min.css */ = {isa = PBXFileReference; fileEncoding = 4; lastKnownFileType = text.css; path = obsidian.min.css; sourceTree = "<group>"; };
		4B3EDB0C2523B5A4007BB734 /* lightfair.min.css */ = {isa = PBXFileReference; fileEncoding = 4; lastKnownFileType = text.css; path = lightfair.min.css; sourceTree = "<group>"; };
		4B3EDB0D2523B5A4007BB734 /* atelier-lakeside-dark.min.css */ = {isa = PBXFileReference; fileEncoding = 4; lastKnownFileType = text.css; path = "atelier-lakeside-dark.min.css"; sourceTree = "<group>"; };
		4B3EDB0E2523B5A4007BB734 /* gruvbox-light.min.css */ = {isa = PBXFileReference; fileEncoding = 4; lastKnownFileType = text.css; path = "gruvbox-light.min.css"; sourceTree = "<group>"; };
		4B3EDB0F2523B5A4007BB734 /* idea.min.css */ = {isa = PBXFileReference; fileEncoding = 4; lastKnownFileType = text.css; path = idea.min.css; sourceTree = "<group>"; };
		4B3EDB102523B5A4007BB734 /* tomorrow.min.css */ = {isa = PBXFileReference; fileEncoding = 4; lastKnownFileType = text.css; path = tomorrow.min.css; sourceTree = "<group>"; };
		4B3EDB112523B5A4007BB734 /* atelier-forest-light.min.css */ = {isa = PBXFileReference; fileEncoding = 4; lastKnownFileType = text.css; path = "atelier-forest-light.min.css"; sourceTree = "<group>"; };
		4B3EDB122523B5A4007BB734 /* arduino-light.min.css */ = {isa = PBXFileReference; fileEncoding = 4; lastKnownFileType = text.css; path = "arduino-light.min.css"; sourceTree = "<group>"; };
		4B3EDB132523B5A4007BB734 /* gruvbox-dark.min.css */ = {isa = PBXFileReference; fileEncoding = 4; lastKnownFileType = text.css; path = "gruvbox-dark.min.css"; sourceTree = "<group>"; };
		4B3EDB142523B5A4007BB734 /* dracula.min.css */ = {isa = PBXFileReference; fileEncoding = 4; lastKnownFileType = text.css; path = dracula.min.css; sourceTree = "<group>"; };
		4B3EDB152523B5A4007BB734 /* magula.min.css */ = {isa = PBXFileReference; fileEncoding = 4; lastKnownFileType = text.css; path = magula.min.css; sourceTree = "<group>"; };
		4B3EDB162523B5A4007BB734 /* arta.min.css */ = {isa = PBXFileReference; fileEncoding = 4; lastKnownFileType = text.css; path = arta.min.css; sourceTree = "<group>"; };
		4B3EDB172523B5A4007BB734 /* purebasic.min.css */ = {isa = PBXFileReference; fileEncoding = 4; lastKnownFileType = text.css; path = purebasic.min.css; sourceTree = "<group>"; };
		4B3EDB182523B5A4007BB734 /* hopscotch.min.css */ = {isa = PBXFileReference; fileEncoding = 4; lastKnownFileType = text.css; path = hopscotch.min.css; sourceTree = "<group>"; };
		4B3EDB192523B5A4007BB734 /* github.min.css */ = {isa = PBXFileReference; fileEncoding = 4; lastKnownFileType = text.css; path = github.min.css; sourceTree = "<group>"; };
		4B3EDB1A2523B5A4007BB734 /* nord.min.css */ = {isa = PBXFileReference; fileEncoding = 4; lastKnownFileType = text.css; path = nord.min.css; sourceTree = "<group>"; };
		4B3EDB1B2523B5A4007BB734 /* dark.min.css */ = {isa = PBXFileReference; fileEncoding = 4; lastKnownFileType = text.css; path = dark.min.css; sourceTree = "<group>"; };
		4B3EDB1C2523B5A4007BB734 /* atom-one-light.min.css */ = {isa = PBXFileReference; fileEncoding = 4; lastKnownFileType = text.css; path = "atom-one-light.min.css"; sourceTree = "<group>"; };
		4B3EDB1D2523B5A4007BB734 /* monokai.min.css */ = {isa = PBXFileReference; fileEncoding = 4; lastKnownFileType = text.css; path = monokai.min.css; sourceTree = "<group>"; };
		4B3EDB1E2523B5A4007BB734 /* docco.min.css */ = {isa = PBXFileReference; fileEncoding = 4; lastKnownFileType = text.css; path = docco.min.css; sourceTree = "<group>"; };
		4B3EDB1F2523B5A4007BB734 /* default.min.css */ = {isa = PBXFileReference; fileEncoding = 4; lastKnownFileType = text.css; path = default.min.css; sourceTree = "<group>"; };
		4B3EDB202523B5A4007BB734 /* ascetic.min.css */ = {isa = PBXFileReference; fileEncoding = 4; lastKnownFileType = text.css; path = ascetic.min.css; sourceTree = "<group>"; };
		4B3EDB212523B5A4007BB734 /* isbl-editor-light.min.css */ = {isa = PBXFileReference; fileEncoding = 4; lastKnownFileType = text.css; path = "isbl-editor-light.min.css"; sourceTree = "<group>"; };
		4B3EDB222523B5A4007BB734 /* atelier-cave-light.min.css */ = {isa = PBXFileReference; fileEncoding = 4; lastKnownFileType = text.css; path = "atelier-cave-light.min.css"; sourceTree = "<group>"; };
		4B3EDB232523B5A4007BB734 /* a11y-dark.min.css */ = {isa = PBXFileReference; fileEncoding = 4; lastKnownFileType = text.css; path = "a11y-dark.min.css"; sourceTree = "<group>"; };
		4B3EDB242523B5A4007BB734 /* atelier-sulphurpool-light.min.css */ = {isa = PBXFileReference; fileEncoding = 4; lastKnownFileType = text.css; path = "atelier-sulphurpool-light.min.css"; sourceTree = "<group>"; };
		4B3EDB252523B5A4007BB734 /* atelier-plateau-dark.min.css */ = {isa = PBXFileReference; fileEncoding = 4; lastKnownFileType = text.css; path = "atelier-plateau-dark.min.css"; sourceTree = "<group>"; };
		4B3EDB262523B5A4007BB734 /* darkula.min.css */ = {isa = PBXFileReference; fileEncoding = 4; lastKnownFileType = text.css; path = darkula.min.css; sourceTree = "<group>"; };
		4B3EDB272523B5A4007BB734 /* atelier-cave-dark.min.css */ = {isa = PBXFileReference; fileEncoding = 4; lastKnownFileType = text.css; path = "atelier-cave-dark.min.css"; sourceTree = "<group>"; };
		4B3EDB282523B5A4007BB734 /* ir-black.min.css */ = {isa = PBXFileReference; fileEncoding = 4; lastKnownFileType = text.css; path = "ir-black.min.css"; sourceTree = "<group>"; };
		4B3EDB292523B5A4007BB734 /* solarized-light.min.css */ = {isa = PBXFileReference; fileEncoding = 4; lastKnownFileType = text.css; path = "solarized-light.min.css"; sourceTree = "<group>"; };
		4B3EDB2A2523B5A4007BB734 /* tomorrow-night-bright.min.css */ = {isa = PBXFileReference; fileEncoding = 4; lastKnownFileType = text.css; path = "tomorrow-night-bright.min.css"; sourceTree = "<group>"; };
		4B3EDB2B2523B5A4007BB734 /* atelier-savanna-light.min.css */ = {isa = PBXFileReference; fileEncoding = 4; lastKnownFileType = text.css; path = "atelier-savanna-light.min.css"; sourceTree = "<group>"; };
		4B3EDB2C2523B5A4007BB734 /* foundation.min.css */ = {isa = PBXFileReference; fileEncoding = 4; lastKnownFileType = text.css; path = foundation.min.css; sourceTree = "<group>"; };
		4B3EDB2D2523B5A4007BB734 /* codepen-embed.min.css */ = {isa = PBXFileReference; fileEncoding = 4; lastKnownFileType = text.css; path = "codepen-embed.min.css"; sourceTree = "<group>"; };
		4B3EDB2E2523B5A4007BB734 /* atelier-estuary-dark.min.css */ = {isa = PBXFileReference; fileEncoding = 4; lastKnownFileType = text.css; path = "atelier-estuary-dark.min.css"; sourceTree = "<group>"; };
		4B3EDB2F2523B5A4007BB734 /* googlecode.min.css */ = {isa = PBXFileReference; fileEncoding = 4; lastKnownFileType = text.css; path = googlecode.min.css; sourceTree = "<group>"; };
		4B3EDB302523B5A4007BB734 /* atom-one-dark-reasonable.min.css */ = {isa = PBXFileReference; fileEncoding = 4; lastKnownFileType = text.css; path = "atom-one-dark-reasonable.min.css"; sourceTree = "<group>"; };
		4B3EDB312523B5A4007BB734 /* atelier-dune-light.min.css */ = {isa = PBXFileReference; fileEncoding = 4; lastKnownFileType = text.css; path = "atelier-dune-light.min.css"; sourceTree = "<group>"; };
		4B3EDB322523B5A4007BB734 /* paraiso-dark.min.css */ = {isa = PBXFileReference; fileEncoding = 4; lastKnownFileType = text.css; path = "paraiso-dark.min.css"; sourceTree = "<group>"; };
		4B3EDB332523B5A4007BB734 /* zenburn.min.css */ = {isa = PBXFileReference; fileEncoding = 4; lastKnownFileType = text.css; path = zenburn.min.css; sourceTree = "<group>"; };
		4B3EDB342523B5A4007BB734 /* androidstudio.min.css */ = {isa = PBXFileReference; fileEncoding = 4; lastKnownFileType = text.css; path = androidstudio.min.css; sourceTree = "<group>"; };
		4B3EDB352523B5A4007BB734 /* grayscale.min.css */ = {isa = PBXFileReference; fileEncoding = 4; lastKnownFileType = text.css; path = grayscale.min.css; sourceTree = "<group>"; };
		4B3EDB362523B5A4007BB734 /* sunburst.min.css */ = {isa = PBXFileReference; fileEncoding = 4; lastKnownFileType = text.css; path = sunburst.min.css; sourceTree = "<group>"; };
		4B3EDB372523B5A4007BB734 /* agate.min.css */ = {isa = PBXFileReference; fileEncoding = 4; lastKnownFileType = text.css; path = agate.min.css; sourceTree = "<group>"; };
		4B3EDB382523B5A4007BB734 /* hybrid.min.css */ = {isa = PBXFileReference; fileEncoding = 4; lastKnownFileType = text.css; path = hybrid.min.css; sourceTree = "<group>"; };
		4B3EDB392523B5A4007BB734 /* darcula.min.css */ = {isa = PBXFileReference; fileEncoding = 4; lastKnownFileType = text.css; path = darcula.min.css; sourceTree = "<group>"; };
		4B3EDB3A2523B5A4007BB734 /* atelier-lakeside-light.min.css */ = {isa = PBXFileReference; fileEncoding = 4; lastKnownFileType = text.css; path = "atelier-lakeside-light.min.css"; sourceTree = "<group>"; };
		4B3EDB3B2523B5A4007BB734 /* monokai-sublime.min.css */ = {isa = PBXFileReference; fileEncoding = 4; lastKnownFileType = text.css; path = "monokai-sublime.min.css"; sourceTree = "<group>"; };
		4B3EDB3C2523B5A4007BB734 /* an-old-hope.min.css */ = {isa = PBXFileReference; fileEncoding = 4; lastKnownFileType = text.css; path = "an-old-hope.min.css"; sourceTree = "<group>"; };
		4B6D33442528156E0030223F /* FireflyTextViewDelegate.swift */ = {isa = PBXFileReference; fileEncoding = 4; lastKnownFileType = sourcecode.swift; path = FireflyTextViewDelegate.swift; sourceTree = "<group>"; };
		4B6D33452528156E0030223F /* FireflySyntaxView + TextDelegate.swift */ = {isa = PBXFileReference; fileEncoding = 4; lastKnownFileType = sourcecode.swift; path = "FireflySyntaxView + TextDelegate.swift"; sourceTree = "<group>"; };
		4B6D33462528156E0030223F /* LineNumberLayoutManager.swift */ = {isa = PBXFileReference; fileEncoding = 4; lastKnownFileType = sourcecode.swift; path = LineNumberLayoutManager.swift; sourceTree = "<group>"; };
		4B6D33472528156E0030223F /* FireflyTextView.swift */ = {isa = PBXFileReference; fileEncoding = 4; lastKnownFileType = sourcecode.swift; path = FireflyTextView.swift; sourceTree = "<group>"; };
		4B6D33482528156E0030223F /* FireflySyntaxView.swift */ = {isa = PBXFileReference; fileEncoding = 4; lastKnownFileType = sourcecode.swift; path = FireflySyntaxView.swift; sourceTree = "<group>"; };
		4B9A5C312523B8D8002BEE90 /* xcode-light.min.css */ = {isa = PBXFileReference; fileEncoding = 4; lastKnownFileType = text.css; path = "xcode-light.min.css"; sourceTree = "<group>"; };
		4BDCE8CE251A5377003393A4 /* Firefly.framework */ = {isa = PBXFileReference; explicitFileType = wrapper.framework; includeInIndex = 0; path = Firefly.framework; sourceTree = BUILT_PRODUCTS_DIR; };
		4BDCE8D1251A5377003393A4 /* Firefly.h */ = {isa = PBXFileReference; lastKnownFileType = sourcecode.c.h; path = Firefly.h; sourceTree = "<group>"; };
		4BDCE8D2251A5377003393A4 /* Info.plist */ = {isa = PBXFileReference; lastKnownFileType = text.plist.xml; path = Info.plist; sourceTree = "<group>"; };
		4BDCE8DD251A5382003393A4 /* LICENSE.txt */ = {isa = PBXFileReference; fileEncoding = 4; lastKnownFileType = text; path = LICENSE.txt; sourceTree = "<group>"; };
		4BE7E9A92523B1A600091F80 /* HTMLUtils.swift */ = {isa = PBXFileReference; fileEncoding = 4; lastKnownFileType = sourcecode.swift; path = HTMLUtils.swift; sourceTree = "<group>"; };
		4BE7E9AA2523B1A600091F80 /* TypeAlias.swift */ = {isa = PBXFileReference; fileEncoding = 4; lastKnownFileType = sourcecode.swift; path = TypeAlias.swift; sourceTree = "<group>"; };
		4BE7E9AB2523B1A600091F80 /* Theme.swift */ = {isa = PBXFileReference; fileEncoding = 4; lastKnownFileType = sourcecode.swift; path = Theme.swift; sourceTree = "<group>"; };
		4BE7E9BE2523B1B800091F80 /* CodeAttributedString.swift */ = {isa = PBXFileReference; fileEncoding = 4; lastKnownFileType = sourcecode.swift; path = CodeAttributedString.swift; sourceTree = "<group>"; };
		4BE7E9BF2523B1B800091F80 /* Highlightr.swift */ = {isa = PBXFileReference; fileEncoding = 4; lastKnownFileType = sourcecode.swift; path = Highlightr.swift; sourceTree = "<group>"; };
/* End PBXFileReference section */

/* Begin PBXFrameworksBuildPhase section */
		4BDCE8CB251A5377003393A4 /* Frameworks */ = {
			isa = PBXFrameworksBuildPhase;
			buildActionMask = 2147483647;
			files = (
			);
			runOnlyForDeploymentPostprocessing = 0;
		};
/* End PBXFrameworksBuildPhase section */

/* Begin PBXGroup section */
		4B3EDADE2523B5A4007BB734 /* Assets */ = {
			isa = PBXGroup;
			children = (
				4B3EDADF2523B5A4007BB734 /* Highlighter */,
				4B3EDAE22523B5A4007BB734 /* themes */,
			);
			path = Assets;
			sourceTree = "<group>";
		};
		4B3EDADF2523B5A4007BB734 /* Highlighter */ = {
			isa = PBXGroup;
			children = (
				4B3EDAE02523B5A4007BB734 /* LICENSE */,
				4B3EDAE12523B5A4007BB734 /* highlight.min.js */,
			);
			path = Highlighter;
			sourceTree = "<group>";
		};
		4B3EDAE22523B5A4007BB734 /* themes */ = {
			isa = PBXGroup;
			children = (
				4B3EDAE32523B5A4007BB734 /* vs.min.css */,
				4B3EDAE42523B5A4007BB734 /* atelier-seaside-dark.min.css */,
				4B3EDAE52523B5A4007BB734 /* isbl-editor-dark.min.css */,
				4B3EDAE62523B5A4007BB734 /* xcode-dark.min.css */,
				4B3EDAE72523B5A4007BB734 /* brown-paper.min.css */,
				4B3EDAE82523B5A4007BB734 /* atelier-plateau-light.min.css */,
				4B3EDAE92523B5A4007BB734 /* school-book.min.css */,
				4B3EDAEB2523B5A4007BB734 /* atelier-sulphurpool-dark.min.css */,
				4B9A5C312523B8D8002BEE90 /* xcode-light.min.css */,
				4B3EDAEC2523B5A4007BB734 /* tomorrow-night-blue.min.css */,
				4B3EDAED2523B5A4007BB734 /* vs2015.min.css */,
				4B3EDAEE2523B5A4007BB734 /* atelier-heath-dark.min.css */,
				4B3EDAEF2523B5A4007BB734 /* paraiso-light.min.css */,
				4B3EDAF02523B5A4007BB734 /* rainbow.min.css */,
				4B3EDAF12523B5A4007BB734 /* qtcreator_light.min.css */,
				4B3EDAF22523B5A4007BB734 /* a11y-light.min.css */,
				4B3EDAF32523B5A4007BB734 /* kimbie.dark.min.css */,
				4B3EDAF42523B5A4007BB734 /* atelier-heath-light.min.css */,
				4B3EDAF52523B5A4007BB734 /* far.min.css */,
				4B3EDAF62523B5A4007BB734 /* atelier-dune-dark.min.css */,
				4B3EDAF72523B5A4007BB734 /* shades-of-purple.min.css */,
				4B3EDAF82523B5A4007BB734 /* kimbie.light.min.css */,
				4B3EDAF92523B5A4007BB734 /* railscasts.min.css */,
				4B3EDAFA2523B5A4007BB734 /* solarized-dark.min.css */,
				4B3EDAFB2523B5A4007BB734 /* atelier-estuary-light.min.css */,
				4B3EDAFC2523B5A4007BB734 /* xt256.min.css */,
				4B3EDAFD2523B5A4007BB734 /* mono-blue.min.css */,
				4B3EDAFE2523B5A4007BB734 /* ocean.min.css */,
				4B3EDAFF2523B5A4007BB734 /* github-gist.min.css */,
				4B3EDB002523B5A4007BB734 /* atelier-seaside-light.min.css */,
				4B3EDB012523B5A4007BB734 /* tomorrow-night-eighties.min.css */,
				4B3EDB022523B5A4007BB734 /* atom-one-dark.min.css */,
				4B3EDB032523B5A4007BB734 /* qtcreator_dark.min.css */,
				4B3EDB042523B5A4007BB734 /* atelier-savanna-dark.min.css */,
				4B3EDB052523B5A4007BB734 /* color-brewer.min.css */,
				4B3EDB062523B5A4007BB734 /* pojoaque.min.css */,
				4B3EDB072523B5A4007BB734 /* routeros.min.css */,
				4B3EDB082523B5A4007BB734 /* atelier-forest-dark.min.css */,
				4B3EDB092523B5A4007BB734 /* gml.min.css */,
				4B3EDB0A2523B5A4007BB734 /* tomorrow-night.min.css */,
				4B3EDB0B2523B5A4007BB734 /* obsidian.min.css */,
				4B3EDB0C2523B5A4007BB734 /* lightfair.min.css */,
				4B3EDB0D2523B5A4007BB734 /* atelier-lakeside-dark.min.css */,
				4B3EDB0E2523B5A4007BB734 /* gruvbox-light.min.css */,
				4B3EDB0F2523B5A4007BB734 /* idea.min.css */,
				4B3EDB102523B5A4007BB734 /* tomorrow.min.css */,
				4B3EDB112523B5A4007BB734 /* atelier-forest-light.min.css */,
				4B3EDB122523B5A4007BB734 /* arduino-light.min.css */,
				4B3EDB132523B5A4007BB734 /* gruvbox-dark.min.css */,
				4B3EDB142523B5A4007BB734 /* dracula.min.css */,
				4B3EDB152523B5A4007BB734 /* magula.min.css */,
				4B3EDB162523B5A4007BB734 /* arta.min.css */,
				4B3EDB172523B5A4007BB734 /* purebasic.min.css */,
				4B3EDB182523B5A4007BB734 /* hopscotch.min.css */,
				4B3EDB192523B5A4007BB734 /* github.min.css */,
				4B3EDB1A2523B5A4007BB734 /* nord.min.css */,
				4B3EDB1B2523B5A4007BB734 /* dark.min.css */,
				4B3EDB1C2523B5A4007BB734 /* atom-one-light.min.css */,
				4B3EDB1D2523B5A4007BB734 /* monokai.min.css */,
				4B3EDB1E2523B5A4007BB734 /* docco.min.css */,
				4B3EDB1F2523B5A4007BB734 /* default.min.css */,
				4B3EDB202523B5A4007BB734 /* ascetic.min.css */,
				4B3EDB212523B5A4007BB734 /* isbl-editor-light.min.css */,
				4B3EDB222523B5A4007BB734 /* atelier-cave-light.min.css */,
				4B3EDB232523B5A4007BB734 /* a11y-dark.min.css */,
				4B3EDB242523B5A4007BB734 /* atelier-sulphurpool-light.min.css */,
				4B3EDB252523B5A4007BB734 /* atelier-plateau-dark.min.css */,
				4B3EDB262523B5A4007BB734 /* darkula.min.css */,
				4B3EDB272523B5A4007BB734 /* atelier-cave-dark.min.css */,
				4B3EDB282523B5A4007BB734 /* ir-black.min.css */,
				4B3EDB292523B5A4007BB734 /* solarized-light.min.css */,
				4B3EDB2A2523B5A4007BB734 /* tomorrow-night-bright.min.css */,
				4B3EDB2B2523B5A4007BB734 /* atelier-savanna-light.min.css */,
				4B3EDB2C2523B5A4007BB734 /* foundation.min.css */,
				4B3EDB2D2523B5A4007BB734 /* codepen-embed.min.css */,
				4B3EDB2E2523B5A4007BB734 /* atelier-estuary-dark.min.css */,
				4B3EDB2F2523B5A4007BB734 /* googlecode.min.css */,
				4B3EDB302523B5A4007BB734 /* atom-one-dark-reasonable.min.css */,
				4B3EDB312523B5A4007BB734 /* atelier-dune-light.min.css */,
				4B3EDB322523B5A4007BB734 /* paraiso-dark.min.css */,
				4B3EDB332523B5A4007BB734 /* zenburn.min.css */,
				4B3EDB342523B5A4007BB734 /* androidstudio.min.css */,
				4B3EDB352523B5A4007BB734 /* grayscale.min.css */,
				4B3EDB362523B5A4007BB734 /* sunburst.min.css */,
				4B3EDB372523B5A4007BB734 /* agate.min.css */,
				4B3EDB382523B5A4007BB734 /* hybrid.min.css */,
				4B3EDB392523B5A4007BB734 /* darcula.min.css */,
				4B3EDB3A2523B5A4007BB734 /* atelier-lakeside-light.min.css */,
				4B3EDB3B2523B5A4007BB734 /* monokai-sublime.min.css */,
				4B3EDB3C2523B5A4007BB734 /* an-old-hope.min.css */,
			);
			path = themes;
			sourceTree = "<group>";
		};
		4B6D33432528156E0030223F /* Views */ = {
			isa = PBXGroup;
			children = (
				4B6D33482528156E0030223F /* FireflySyntaxView.swift */,
				4B6D33452528156E0030223F /* FireflySyntaxView + TextDelegate.swift */,
				4B6D33472528156E0030223F /* FireflyTextView.swift */,
				4B6D33442528156E0030223F /* FireflyTextViewDelegate.swift */,
				4B6D33462528156E0030223F /* LineNumberLayoutManager.swift */,
			);
			path = Views;
			sourceTree = "<group>";
		};
		4BDCE8C4251A5377003393A4 = {
			isa = PBXGroup;
			children = (
				4BDCE8D0251A5377003393A4 /* Firefly */,
				4BDCE8CF251A5377003393A4 /* Products */,
			);
			sourceTree = "<group>";
		};
		4BDCE8CF251A5377003393A4 /* Products */ = {
			isa = PBXGroup;
			children = (
				4BDCE8CE251A5377003393A4 /* Firefly.framework */,
			);
			name = Products;
			sourceTree = "<group>";
		};
		4BDCE8D0251A5377003393A4 /* Firefly */ = {
			isa = PBXGroup;
			children = (
				4B6D33432528156E0030223F /* Views */,
				4BE7E9A72523B1A600091F80 /* Models */,
				4BE7E9BD2523B1B800091F80 /* HighlightJS */,
				4B3EDADE2523B5A4007BB734 /* Assets */,
				4BDCE8DD251A5382003393A4 /* LICENSE.txt */,
				4BDCE8D1251A5377003393A4 /* Firefly.h */,
				4BDCE8D2251A5377003393A4 /* Info.plist */,
			);
			path = Firefly;
			sourceTree = "<group>";
		};
		4BE7E9A72523B1A600091F80 /* Models */ = {
			isa = PBXGroup;
			children = (
				4BE7E9A92523B1A600091F80 /* HTMLUtils.swift */,
				4BE7E9AA2523B1A600091F80 /* TypeAlias.swift */,
				4BE7E9AB2523B1A600091F80 /* Theme.swift */,
			);
			path = Models;
			sourceTree = "<group>";
		};
		4BE7E9BD2523B1B800091F80 /* HighlightJS */ = {
			isa = PBXGroup;
			children = (
				4BE7E9BE2523B1B800091F80 /* CodeAttributedString.swift */,
				4BE7E9BF2523B1B800091F80 /* Highlightr.swift */,
			);
			path = HighlightJS;
			sourceTree = "<group>";
		};
/* End PBXGroup section */

/* Begin PBXHeadersBuildPhase section */
		4BDCE8C9251A5377003393A4 /* Headers */ = {
			isa = PBXHeadersBuildPhase;
			buildActionMask = 2147483647;
			files = (
				4BDCE8D3251A5377003393A4 /* Firefly.h in Headers */,
			);
			runOnlyForDeploymentPostprocessing = 0;
		};
/* End PBXHeadersBuildPhase section */

/* Begin PBXNativeTarget section */
		4BDCE8CD251A5377003393A4 /* Firefly */ = {
			isa = PBXNativeTarget;
			buildConfigurationList = 4BDCE8D6251A5377003393A4 /* Build configuration list for PBXNativeTarget "Firefly" */;
			buildPhases = (
				4BDCE8C9251A5377003393A4 /* Headers */,
				4BDCE8CA251A5377003393A4 /* Sources */,
				4BDCE8CB251A5377003393A4 /* Frameworks */,
				4BDCE8CC251A5377003393A4 /* Resources */,
			);
			buildRules = (
			);
			dependencies = (
			);
			name = Firefly;
			productName = Firefly;
			productReference = 4BDCE8CE251A5377003393A4 /* Firefly.framework */;
			productType = "com.apple.product-type.framework";
		};
/* End PBXNativeTarget section */

/* Begin PBXProject section */
		4BDCE8C5251A5377003393A4 /* Project object */ = {
			isa = PBXProject;
			attributes = {
				LastUpgradeCheck = 1200;
				TargetAttributes = {
					4BDCE8CD251A5377003393A4 = {
						CreatedOnToolsVersion = 12.0;
					};
				};
			};
			buildConfigurationList = 4BDCE8C8251A5377003393A4 /* Build configuration list for PBXProject "Firefly" */;
			compatibilityVersion = "Xcode 9.3";
			developmentRegion = en;
			hasScannedForEncodings = 0;
			knownRegions = (
				en,
				Base,
			);
			mainGroup = 4BDCE8C4251A5377003393A4;
			productRefGroup = 4BDCE8CF251A5377003393A4 /* Products */;
			projectDirPath = "";
			projectRoot = "";
			targets = (
				4BDCE8CD251A5377003393A4 /* Firefly */,
			);
		};
/* End PBXProject section */

/* Begin PBXResourcesBuildPhase section */
		4BDCE8CC251A5377003393A4 /* Resources */ = {
			isa = PBXResourcesBuildPhase;
			buildActionMask = 2147483647;
			files = (
				4B3EDB732523B5A4007BB734 /* purebasic.min.css in Resources */,
				4B3EDB8A2523B5A4007BB734 /* atelier-estuary-dark.min.css in Resources */,
				4B3EDB542523B5A4007BB734 /* kimbie.light.min.css in Resources */,
				4B3EDB532523B5A4007BB734 /* shades-of-purple.min.css in Resources */,
				4B3EDB8F2523B5A4007BB734 /* zenburn.min.css in Resources */,
				4B3EDB622523B5A4007BB734 /* pojoaque.min.css in Resources */,
				4B3EDB8C2523B5A4007BB734 /* atom-one-dark-reasonable.min.css in Resources */,
				4B3EDB942523B5A4007BB734 /* hybrid.min.css in Resources */,
				4B3EDB8E2523B5A4007BB734 /* paraiso-dark.min.css in Resources */,
				4B3EDB932523B5A4007BB734 /* agate.min.css in Resources */,
				4B3EDB592523B5A4007BB734 /* mono-blue.min.css in Resources */,
				4B3EDB702523B5A4007BB734 /* dracula.min.css in Resources */,
				4B3EDB5B2523B5A4007BB734 /* github-gist.min.css in Resources */,
				4B3EDB912523B5A4007BB734 /* grayscale.min.css in Resources */,
				4B3EDB762523B5A4007BB734 /* nord.min.css in Resources */,
				4B3EDB442523B5A4007BB734 /* atelier-plateau-light.min.css in Resources */,
				4B3EDB522523B5A4007BB734 /* atelier-dune-dark.min.css in Resources */,
				4B3EDB792523B5A4007BB734 /* monokai.min.css in Resources */,
				4B3EDB902523B5A4007BB734 /* androidstudio.min.css in Resources */,
				4B3EDB5C2523B5A4007BB734 /* atelier-seaside-light.min.css in Resources */,
				4B3EDB6B2523B5A4007BB734 /* idea.min.css in Resources */,
				4B3EDB552523B5A4007BB734 /* railscasts.min.css in Resources */,
				4B3EDB682523B5A4007BB734 /* lightfair.min.css in Resources */,
				4B3EDB482523B5A4007BB734 /* tomorrow-night-blue.min.css in Resources */,
				4B3EDB5F2523B5A4007BB734 /* qtcreator_dark.min.css in Resources */,
				4B3EDB4B2523B5A4007BB734 /* paraiso-light.min.css in Resources */,
				4B3EDB922523B5A4007BB734 /* sunburst.min.css in Resources */,
				4B3EDB492523B5A4007BB734 /* vs2015.min.css in Resources */,
				4B9A5C322523B8D8002BEE90 /* xcode-light.min.css in Resources */,
				4B3EDB822523B5A4007BB734 /* darkula.min.css in Resources */,
				4B3EDB5A2523B5A4007BB734 /* ocean.min.css in Resources */,
				4B3EDB7A2523B5A4007BB734 /* docco.min.css in Resources */,
				4B3EDB672523B5A4007BB734 /* obsidian.min.css in Resources */,
				4B3EDB802523B5A4007BB734 /* atelier-sulphurpool-light.min.css in Resources */,
				4B3EDB722523B5A4007BB734 /* arta.min.css in Resources */,
				4B3EDB862523B5A4007BB734 /* tomorrow-night-bright.min.css in Resources */,
				4B3EDB962523B5A4007BB734 /* atelier-lakeside-light.min.css in Resources */,
				4B3EDB562523B5A4007BB734 /* solarized-dark.min.css in Resources */,
				4B3EDB3F2523B5A4007BB734 /* vs.min.css in Resources */,
				4B3EDB832523B5A4007BB734 /* atelier-cave-dark.min.css in Resources */,
				4B3EDB782523B5A4007BB734 /* atom-one-light.min.css in Resources */,
				4B3EDB6C2523B5A4007BB734 /* tomorrow.min.css in Resources */,
				4B3EDB452523B5A4007BB734 /* school-book.min.css in Resources */,
				4B3EDB842523B5A4007BB734 /* ir-black.min.css in Resources */,
				4B3EDB712523B5A4007BB734 /* magula.min.css in Resources */,
				4B3EDB7B2523B5A4007BB734 /* default.min.css in Resources */,
				4B3EDB602523B5A4007BB734 /* atelier-savanna-dark.min.css in Resources */,
				4B3EDB882523B5A4007BB734 /* foundation.min.css in Resources */,
				4B3EDB4E2523B5A4007BB734 /* a11y-light.min.css in Resources */,
				4B3EDB892523B5A4007BB734 /* codepen-embed.min.css in Resources */,
				4B3EDB952523B5A4007BB734 /* darcula.min.css in Resources */,
				4B3EDB4D2523B5A4007BB734 /* qtcreator_light.min.css in Resources */,
				4B3EDB752523B5A4007BB734 /* github.min.css in Resources */,
				4B3EDB852523B5A4007BB734 /* solarized-light.min.css in Resources */,
				4B3EDB6E2523B5A4007BB734 /* arduino-light.min.css in Resources */,
				4B3EDB7C2523B5A4007BB734 /* ascetic.min.css in Resources */,
				4B3EDB772523B5A4007BB734 /* dark.min.css in Resources */,
				4B3EDB652523B5A4007BB734 /* gml.min.css in Resources */,
				4B3EDB6D2523B5A4007BB734 /* atelier-forest-light.min.css in Resources */,
				4B3EDB4F2523B5A4007BB734 /* kimbie.dark.min.css in Resources */,
				4B3EDB982523B5A4007BB734 /* an-old-hope.min.css in Resources */,
				4B3EDB8D2523B5A4007BB734 /* atelier-dune-light.min.css in Resources */,
				4B3EDB7F2523B5A4007BB734 /* a11y-dark.min.css in Resources */,
				4B3EDB8B2523B5A4007BB734 /* googlecode.min.css in Resources */,
				4B3EDB5D2523B5A4007BB734 /* tomorrow-night-eighties.min.css in Resources */,
				4B3EDB502523B5A4007BB734 /* atelier-heath-light.min.css in Resources */,
				4B3EDB812523B5A4007BB734 /* atelier-plateau-dark.min.css in Resources */,
				4B3EDB472523B5A4007BB734 /* atelier-sulphurpool-dark.min.css in Resources */,
				4B3EDB642523B5A4007BB734 /* atelier-forest-dark.min.css in Resources */,
				4B3EDB432523B5A4007BB734 /* brown-paper.min.css in Resources */,
				4B3EDB4C2523B5A4007BB734 /* rainbow.min.css in Resources */,
				4B3EDB5E2523B5A4007BB734 /* atom-one-dark.min.css in Resources */,
				4B3EDB632523B5A4007BB734 /* routeros.min.css in Resources */,
				4B3EDB972523B5A4007BB734 /* monokai-sublime.min.css in Resources */,
				4B3EDB572523B5A4007BB734 /* atelier-estuary-light.min.css in Resources */,
				4B3EDB3E2523B5A4007BB734 /* highlight.min.js in Resources */,
				4B3EDB3D2523B5A4007BB734 /* LICENSE in Resources */,
				4B3EDB422523B5A4007BB734 /* xcode-dark.min.css in Resources */,
				4B3EDB582523B5A4007BB734 /* xt256.min.css in Resources */,
				4B3EDB512523B5A4007BB734 /* far.min.css in Resources */,
				4B3EDB402523B5A4007BB734 /* atelier-seaside-dark.min.css in Resources */,
				4B3EDB612523B5A4007BB734 /* color-brewer.min.css in Resources */,
				4B3EDB742523B5A4007BB734 /* hopscotch.min.css in Resources */,
				4B3EDB872523B5A4007BB734 /* atelier-savanna-light.min.css in Resources */,
				4B3EDB412523B5A4007BB734 /* isbl-editor-dark.min.css in Resources */,
				4BDCE950251A5382003393A4 /* LICENSE.txt in Resources */,
				4B3EDB6A2523B5A4007BB734 /* gruvbox-light.min.css in Resources */,
				4B3EDB4A2523B5A4007BB734 /* atelier-heath-dark.min.css in Resources */,
				4B3EDB6F2523B5A4007BB734 /* gruvbox-dark.min.css in Resources */,
				4B3EDB7E2523B5A4007BB734 /* atelier-cave-light.min.css in Resources */,
				4B3EDB692523B5A4007BB734 /* atelier-lakeside-dark.min.css in Resources */,
				4B3EDB662523B5A4007BB734 /* tomorrow-night.min.css in Resources */,
				4B3EDB7D2523B5A4007BB734 /* isbl-editor-light.min.css in Resources */,
			);
			runOnlyForDeploymentPostprocessing = 0;
		};
/* End PBXResourcesBuildPhase section */

/* Begin PBXSourcesBuildPhase section */
		4BDCE8CA251A5377003393A4 /* Sources */ = {
			isa = PBXSourcesBuildPhase;
			buildActionMask = 2147483647;
			files = (
				4B6D33492528156E0030223F /* FireflyTextViewDelegate.swift in Sources */,
				4BE7E9AE2523B1A600091F80 /* TypeAlias.swift in Sources */,
				4B6D334B2528156E0030223F /* LineNumberLayoutManager.swift in Sources */,
				4B6D334D2528156E0030223F /* FireflySyntaxView.swift in Sources */,
				4BE7E9AF2523B1A600091F80 /* Theme.swift in Sources */,
				4B6D334A2528156E0030223F /* FireflySyntaxView + TextDelegate.swift in Sources */,
				4BE7E9C12523B1B800091F80 /* Highlightr.swift in Sources */,
				4B6D334C2528156E0030223F /* FireflyTextView.swift in Sources */,
				4BE7E9AD2523B1A600091F80 /* HTMLUtils.swift in Sources */,
				4BE7E9C02523B1B800091F80 /* CodeAttributedString.swift in Sources */,
			);
			runOnlyForDeploymentPostprocessing = 0;
		};
/* End PBXSourcesBuildPhase section */

/* Begin XCBuildConfiguration section */
		4BDCE8D4251A5377003393A4 /* Debug */ = {
			isa = XCBuildConfiguration;
			buildSettings = {
				ALWAYS_SEARCH_USER_PATHS = NO;
				CLANG_ANALYZER_NONNULL = YES;
				CLANG_ANALYZER_NUMBER_OBJECT_CONVERSION = YES_AGGRESSIVE;
				CLANG_CXX_LANGUAGE_STANDARD = "gnu++14";
				CLANG_CXX_LIBRARY = "libc++";
				CLANG_ENABLE_MODULES = YES;
				CLANG_ENABLE_OBJC_ARC = YES;
				CLANG_ENABLE_OBJC_WEAK = YES;
				CLANG_WARN_BLOCK_CAPTURE_AUTORELEASING = YES;
				CLANG_WARN_BOOL_CONVERSION = YES;
				CLANG_WARN_COMMA = YES;
				CLANG_WARN_CONSTANT_CONVERSION = YES;
				CLANG_WARN_DEPRECATED_OBJC_IMPLEMENTATIONS = YES;
				CLANG_WARN_DIRECT_OBJC_ISA_USAGE = YES_ERROR;
				CLANG_WARN_DOCUMENTATION_COMMENTS = YES;
				CLANG_WARN_EMPTY_BODY = YES;
				CLANG_WARN_ENUM_CONVERSION = YES;
				CLANG_WARN_INFINITE_RECURSION = YES;
				CLANG_WARN_INT_CONVERSION = YES;
				CLANG_WARN_NON_LITERAL_NULL_CONVERSION = YES;
				CLANG_WARN_OBJC_IMPLICIT_RETAIN_SELF = YES;
				CLANG_WARN_OBJC_LITERAL_CONVERSION = YES;
				CLANG_WARN_OBJC_ROOT_CLASS = YES_ERROR;
				CLANG_WARN_QUOTED_INCLUDE_IN_FRAMEWORK_HEADER = YES;
				CLANG_WARN_RANGE_LOOP_ANALYSIS = YES;
				CLANG_WARN_STRICT_PROTOTYPES = YES;
				CLANG_WARN_SUSPICIOUS_MOVE = YES;
				CLANG_WARN_UNGUARDED_AVAILABILITY = YES_AGGRESSIVE;
				CLANG_WARN_UNREACHABLE_CODE = YES;
				CLANG_WARN__DUPLICATE_METHOD_MATCH = YES;
				COPY_PHASE_STRIP = NO;
				CURRENT_PROJECT_VERSION = 1;
				DEBUG_INFORMATION_FORMAT = dwarf;
				ENABLE_STRICT_OBJC_MSGSEND = YES;
				ENABLE_TESTABILITY = YES;
				GCC_C_LANGUAGE_STANDARD = gnu11;
				GCC_DYNAMIC_NO_PIC = NO;
				GCC_NO_COMMON_BLOCKS = YES;
				GCC_OPTIMIZATION_LEVEL = 0;
				GCC_PREPROCESSOR_DEFINITIONS = (
					"DEBUG=1",
					"$(inherited)",
				);
				GCC_WARN_64_TO_32_BIT_CONVERSION = YES;
				GCC_WARN_ABOUT_RETURN_TYPE = YES_ERROR;
				GCC_WARN_UNDECLARED_SELECTOR = YES;
				GCC_WARN_UNINITIALIZED_AUTOS = YES_AGGRESSIVE;
				GCC_WARN_UNUSED_FUNCTION = YES;
				GCC_WARN_UNUSED_VARIABLE = YES;
				IPHONEOS_DEPLOYMENT_TARGET = 14.0;
				MTL_ENABLE_DEBUG_INFO = INCLUDE_SOURCE;
				MTL_FAST_MATH = YES;
				ONLY_ACTIVE_ARCH = YES;
				SDKROOT = iphoneos;
				SWIFT_ACTIVE_COMPILATION_CONDITIONS = DEBUG;
				SWIFT_OPTIMIZATION_LEVEL = "-Onone";
				VERSIONING_SYSTEM = "apple-generic";
				VERSION_INFO_PREFIX = "";
			};
			name = Debug;
		};
		4BDCE8D5251A5377003393A4 /* Release */ = {
			isa = XCBuildConfiguration;
			buildSettings = {
				ALWAYS_SEARCH_USER_PATHS = NO;
				CLANG_ANALYZER_NONNULL = YES;
				CLANG_ANALYZER_NUMBER_OBJECT_CONVERSION = YES_AGGRESSIVE;
				CLANG_CXX_LANGUAGE_STANDARD = "gnu++14";
				CLANG_CXX_LIBRARY = "libc++";
				CLANG_ENABLE_MODULES = YES;
				CLANG_ENABLE_OBJC_ARC = YES;
				CLANG_ENABLE_OBJC_WEAK = YES;
				CLANG_WARN_BLOCK_CAPTURE_AUTORELEASING = YES;
				CLANG_WARN_BOOL_CONVERSION = YES;
				CLANG_WARN_COMMA = YES;
				CLANG_WARN_CONSTANT_CONVERSION = YES;
				CLANG_WARN_DEPRECATED_OBJC_IMPLEMENTATIONS = YES;
				CLANG_WARN_DIRECT_OBJC_ISA_USAGE = YES_ERROR;
				CLANG_WARN_DOCUMENTATION_COMMENTS = YES;
				CLANG_WARN_EMPTY_BODY = YES;
				CLANG_WARN_ENUM_CONVERSION = YES;
				CLANG_WARN_INFINITE_RECURSION = YES;
				CLANG_WARN_INT_CONVERSION = YES;
				CLANG_WARN_NON_LITERAL_NULL_CONVERSION = YES;
				CLANG_WARN_OBJC_IMPLICIT_RETAIN_SELF = YES;
				CLANG_WARN_OBJC_LITERAL_CONVERSION = YES;
				CLANG_WARN_OBJC_ROOT_CLASS = YES_ERROR;
				CLANG_WARN_QUOTED_INCLUDE_IN_FRAMEWORK_HEADER = YES;
				CLANG_WARN_RANGE_LOOP_ANALYSIS = YES;
				CLANG_WARN_STRICT_PROTOTYPES = YES;
				CLANG_WARN_SUSPICIOUS_MOVE = YES;
				CLANG_WARN_UNGUARDED_AVAILABILITY = YES_AGGRESSIVE;
				CLANG_WARN_UNREACHABLE_CODE = YES;
				CLANG_WARN__DUPLICATE_METHOD_MATCH = YES;
				COPY_PHASE_STRIP = NO;
				CURRENT_PROJECT_VERSION = 1;
				DEBUG_INFORMATION_FORMAT = "dwarf-with-dsym";
				ENABLE_NS_ASSERTIONS = NO;
				ENABLE_STRICT_OBJC_MSGSEND = YES;
				GCC_C_LANGUAGE_STANDARD = gnu11;
				GCC_NO_COMMON_BLOCKS = YES;
				GCC_WARN_64_TO_32_BIT_CONVERSION = YES;
				GCC_WARN_ABOUT_RETURN_TYPE = YES_ERROR;
				GCC_WARN_UNDECLARED_SELECTOR = YES;
				GCC_WARN_UNINITIALIZED_AUTOS = YES_AGGRESSIVE;
				GCC_WARN_UNUSED_FUNCTION = YES;
				GCC_WARN_UNUSED_VARIABLE = YES;
				IPHONEOS_DEPLOYMENT_TARGET = 14.0;
				MTL_ENABLE_DEBUG_INFO = NO;
				MTL_FAST_MATH = YES;
				SDKROOT = iphoneos;
				SWIFT_COMPILATION_MODE = wholemodule;
				SWIFT_OPTIMIZATION_LEVEL = "-O";
				VALIDATE_PRODUCT = YES;
				VERSIONING_SYSTEM = "apple-generic";
				VERSION_INFO_PREFIX = "";
			};
			name = Release;
		};
		4BDCE8D7251A5377003393A4 /* Debug */ = {
			isa = XCBuildConfiguration;
			buildSettings = {
				CODE_SIGN_STYLE = Automatic;
				DEFINES_MODULE = YES;
				DEVELOPMENT_TEAM = TK7Y3X86W7;
				DYLIB_COMPATIBILITY_VERSION = 1;
				DYLIB_CURRENT_VERSION = 1;
				DYLIB_INSTALL_NAME_BASE = "@rpath";
				INFOPLIST_FILE = Firefly/Info.plist;
				INSTALL_PATH = "$(LOCAL_LIBRARY_DIR)/Frameworks";
				IPHONEOS_DEPLOYMENT_TARGET = 13.0;
				LD_RUNPATH_SEARCH_PATHS = (
					"$(inherited)",
					"@executable_path/Frameworks",
					"@loader_path/Frameworks",
				);
				PRODUCT_BUNDLE_IDENTIFIER = com.zacharyLineman.Firefly;
				PRODUCT_NAME = "$(TARGET_NAME:c99extidentifier)";
				SKIP_INSTALL = YES;
				SWIFT_VERSION = 5.0;
				TARGETED_DEVICE_FAMILY = "1,2";
			};
			name = Debug;
		};
		4BDCE8D8251A5377003393A4 /* Release */ = {
			isa = XCBuildConfiguration;
			buildSettings = {
				CODE_SIGN_STYLE = Automatic;
				DEFINES_MODULE = YES;
				DEVELOPMENT_TEAM = TK7Y3X86W7;
				DYLIB_COMPATIBILITY_VERSION = 1;
				DYLIB_CURRENT_VERSION = 1;
				DYLIB_INSTALL_NAME_BASE = "@rpath";
				INFOPLIST_FILE = Firefly/Info.plist;
				INSTALL_PATH = "$(LOCAL_LIBRARY_DIR)/Frameworks";
				IPHONEOS_DEPLOYMENT_TARGET = 13.0;
				LD_RUNPATH_SEARCH_PATHS = (
					"$(inherited)",
					"@executable_path/Frameworks",
					"@loader_path/Frameworks",
				);
				PRODUCT_BUNDLE_IDENTIFIER = com.zacharyLineman.Firefly;
				PRODUCT_NAME = "$(TARGET_NAME:c99extidentifier)";
				SKIP_INSTALL = YES;
				SWIFT_VERSION = 5.0;
				TARGETED_DEVICE_FAMILY = "1,2";
			};
			name = Release;
		};
/* End XCBuildConfiguration section */

/* Begin XCConfigurationList section */
		4BDCE8C8251A5377003393A4 /* Build configuration list for PBXProject "Firefly" */ = {
			isa = XCConfigurationList;
			buildConfigurations = (
				4BDCE8D4251A5377003393A4 /* Debug */,
				4BDCE8D5251A5377003393A4 /* Release */,
			);
			defaultConfigurationIsVisible = 0;
			defaultConfigurationName = Release;
		};
		4BDCE8D6251A5377003393A4 /* Build configuration list for PBXNativeTarget "Firefly" */ = {
			isa = XCConfigurationList;
			buildConfigurations = (
				4BDCE8D7251A5377003393A4 /* Debug */,
				4BDCE8D8251A5377003393A4 /* Release */,
			);
			defaultConfigurationIsVisible = 0;
			defaultConfigurationName = Release;
		};
/* End XCConfigurationList section */
	};
	rootObject = 4BDCE8C5251A5377003393A4 /* Project object */;
}
